
Microsoft Visual Studio Solution File, Format Version 12.00
# Visual Studio Version 17
VisualStudioVersion = 17.1.31911.260
MinimumVisualStudioVersion = 10.0.40219.1
Project("{FAE04EC0-301F-11D3-BF4B-00C04F79EFBC}") = "LukasGredaProgramowanie", "LukasGredaProgramowanie\LukasGredaProgramowanie.csproj", "{0953A7C6-68F7-4BF2-B5EA-E1803E97BEBE}"
EndProject
Global
	GlobalSection(SolutionConfigurationPlatforms) = preSolution
		Debug|Any CPU = Debug|Any CPU
		Release|Any CPU = Release|Any CPU
	EndGlobalSection
	GlobalSection(ProjectConfigurationPlatforms) = postSolution
		{0953A7C6-68F7-4BF2-B5EA-E1803E97BEBE}.Debug|Any CPU.ActiveCfg = Debug|Any CPU
		{0953A7C6-68F7-4BF2-B5EA-E1803E97BEBE}.Debug|Any CPU.Build.0 = Debug|Any CPU
		{0953A7C6-68F7-4BF2-B5EA-E1803E97BEBE}.Release|Any CPU.ActiveCfg = Release|Any CPU
		{0953A7C6-68F7-4BF2-B5EA-E1803E97BEBE}.Release|Any CPU.Build.0 = Release|Any CPU
	EndGlobalSection
	GlobalSection(SolutionProperties) = preSolution
		HideSolutionNode = FALSE
	EndGlobalSection
	GlobalSection(ExtensibilityGlobals) = postSolution
		SolutionGuid = {A913A0B3-A2DD-4EF3-BE58-D8B19AEB3D4C}
	EndGlobalSection
EndGlobal
